// !$*UTF8*$!
{
	archiveVersion = 1;
	classes = {
	};
	objectVersion = 50;
	objects = {

/* Begin PBXBuildFile section */
		45F807F24774D2B17535DC15 /* Pods_Pinterest.framework in Frameworks */ = {isa = PBXBuildFile; fileRef = 70CED8311EF2184743C5B29C /* Pods_Pinterest.framework */; };
		D03D7CAB227F714A006C4999 /* Layout.swift in Sources */ = {isa = PBXBuildFile; fileRef = D03D7CAA227F714A006C4999 /* Layout.swift */; };
		D051507E223B2A3B00DCB886 /* ViewLogIn.swift in Sources */ = {isa = PBXBuildFile; fileRef = D051507D223B2A3B00DCB886 /* ViewLogIn.swift */; };
		D0515080223B2D2300DCB886 /* pin.gif in Resources */ = {isa = PBXBuildFile; fileRef = D051507F223B2D2300DCB886 /* pin.gif */; };
		D081645F223B42D900C1578B /* ViewEmail.swift in Sources */ = {isa = PBXBuildFile; fileRef = D081645E223B42D900C1578B /* ViewEmail.swift */; };
		D0816461223B42EC00C1578B /* ViewLogo.swift in Sources */ = {isa = PBXBuildFile; fileRef = D0816460223B42EC00C1578B /* ViewLogo.swift */; };
		D0816463223B42FE00C1578B /* Splash.swift in Sources */ = {isa = PBXBuildFile; fileRef = D0816462223B42FE00C1578B /* Splash.swift */; };
		D0816465223B430900C1578B /* UIView+Constraints.swift in Sources */ = {isa = PBXBuildFile; fileRef = D0816464223B430800C1578B /* UIView+Constraints.swift */; };
		D0816469223C9F1E00C1578B /* Usuario.swift in Sources */ = {isa = PBXBuildFile; fileRef = D0816468223C9F1E00C1578B /* Usuario.swift */; };
		D099218F2272890C002CDADB /* Celda.swift in Sources */ = {isa = PBXBuildFile; fileRef = D099218E2272890C002CDADB /* Celda.swift */; };
		D09921912272896E002CDADB /* ViewCollection.swift in Sources */ = {isa = PBXBuildFile; fileRef = D09921902272896E002CDADB /* ViewCollection.swift */; };
		D0AEF19F2203D0EC0031551F /* AppDelegate.swift in Sources */ = {isa = PBXBuildFile; fileRef = D0AEF19E2203D0EC0031551F /* AppDelegate.swift */; };
		D0AEF1A12203D0EC0031551F /* ViewController.swift in Sources */ = {isa = PBXBuildFile; fileRef = D0AEF1A02203D0EC0031551F /* ViewController.swift */; };
		D0AEF1A42203D0EC0031551F /* Main.storyboard in Resources */ = {isa = PBXBuildFile; fileRef = D0AEF1A22203D0EC0031551F /* Main.storyboard */; };
		D0AEF1A62203D0ED0031551F /* Assets.xcassets in Resources */ = {isa = PBXBuildFile; fileRef = D0AEF1A52203D0ED0031551F /* Assets.xcassets */; };
		D0AEF1A92203D0ED0031551F /* LaunchScreen.storyboard in Resources */ = {isa = PBXBuildFile; fileRef = D0AEF1A72203D0ED0031551F /* LaunchScreen.storyboard */; };
		D0AF456B220D109D0024DAA4 /* GoogleService-Info.plist in Resources */ = {isa = PBXBuildFile; fileRef = D0AF456A220D109D0024DAA4 /* GoogleService-Info.plist */; };
/* End PBXBuildFile section */

/* Begin PBXFileReference section */
		59D2E6CEF56FB7AA27042230 /* Pods-Pinterest.debug.xcconfig */ = {isa = PBXFileReference; includeInIndex = 1; lastKnownFileType = text.xcconfig; name = "Pods-Pinterest.debug.xcconfig"; path = "Target Support Files/Pods-Pinterest/Pods-Pinterest.debug.xcconfig"; sourceTree = "<group>"; };
		69B26DD36FBBC2FB69370B60 /* Pods-Pinterest.release.xcconfig */ = {isa = PBXFileReference; includeInIndex = 1; lastKnownFileType = text.xcconfig; name = "Pods-Pinterest.release.xcconfig"; path = "Target Support Files/Pods-Pinterest/Pods-Pinterest.release.xcconfig"; sourceTree = "<group>"; };
		70CED8311EF2184743C5B29C /* Pods_Pinterest.framework */ = {isa = PBXFileReference; explicitFileType = wrapper.framework; includeInIndex = 0; path = Pods_Pinterest.framework; sourceTree = BUILT_PRODUCTS_DIR; };
		D03D7CAA227F714A006C4999 /* Layout.swift */ = {isa = PBXFileReference; lastKnownFileType = sourcecode.swift; path = Layout.swift; sourceTree = "<group>"; };
		D051507D223B2A3B00DCB886 /* ViewLogIn.swift */ = {isa = PBXFileReference; lastKnownFileType = sourcecode.swift; path = ViewLogIn.swift; sourceTree = "<group>"; };
		D051507F223B2D2300DCB886 /* pin.gif */ = {isa = PBXFileReference; lastKnownFileType = image.gif; name = pin.gif; path = "../../../../../../Downloads/Pinterest-master/Pinterest/pin.gif"; sourceTree = "<group>"; };
		D081645E223B42D900C1578B /* ViewEmail.swift */ = {isa = PBXFileReference; fileEncoding = 4; lastKnownFileType = sourcecode.swift; path = ViewEmail.swift; sourceTree = "<group>"; };
		D0816460223B42EC00C1578B /* ViewLogo.swift */ = {isa = PBXFileReference; fileEncoding = 4; lastKnownFileType = sourcecode.swift; path = ViewLogo.swift; sourceTree = "<group>"; };
		D0816462223B42FE00C1578B /* Splash.swift */ = {isa = PBXFileReference; fileEncoding = 4; lastKnownFileType = sourcecode.swift; path = Splash.swift; sourceTree = "<group>"; };
		D0816464223B430800C1578B /* UIView+Constraints.swift */ = {isa = PBXFileReference; fileEncoding = 4; lastKnownFileType = sourcecode.swift; path = "UIView+Constraints.swift"; sourceTree = "<group>"; };
		D0816468223C9F1E00C1578B /* Usuario.swift */ = {isa = PBXFileReference; lastKnownFileType = sourcecode.swift; path = Usuario.swift; sourceTree = "<group>"; };
		D099218E2272890C002CDADB /* Celda.swift */ = {isa = PBXFileReference; lastKnownFileType = sourcecode.swift; path = Celda.swift; sourceTree = "<group>"; };
		D09921902272896E002CDADB /* ViewCollection.swift */ = {isa = PBXFileReference; lastKnownFileType = sourcecode.swift; path = ViewCollection.swift; sourceTree = "<group>"; };
		D0AEF19B2203D0EC0031551F /* Pinterest.app */ = {isa = PBXFileReference; explicitFileType = wrapper.application; includeInIndex = 0; path = Pinterest.app; sourceTree = BUILT_PRODUCTS_DIR; };
		D0AEF19E2203D0EC0031551F /* AppDelegate.swift */ = {isa = PBXFileReference; lastKnownFileType = sourcecode.swift; path = AppDelegate.swift; sourceTree = "<group>"; };
		D0AEF1A02203D0EC0031551F /* ViewController.swift */ = {isa = PBXFileReference; lastKnownFileType = sourcecode.swift; path = ViewController.swift; sourceTree = "<group>"; };
		D0AEF1A32203D0EC0031551F /* Base */ = {isa = PBXFileReference; lastKnownFileType = file.storyboard; name = Base; path = Base.lproj/Main.storyboard; sourceTree = "<group>"; };
		D0AEF1A52203D0ED0031551F /* Assets.xcassets */ = {isa = PBXFileReference; lastKnownFileType = folder.assetcatalog; path = Assets.xcassets; sourceTree = "<group>"; };
		D0AEF1A82203D0ED0031551F /* Base */ = {isa = PBXFileReference; lastKnownFileType = file.storyboard; name = Base; path = Base.lproj/LaunchScreen.storyboard; sourceTree = "<group>"; };
		D0AEF1AA2203D0ED0031551F /* Info.plist */ = {isa = PBXFileReference; lastKnownFileType = text.plist.xml; path = Info.plist; sourceTree = "<group>"; };
		D0AF456A220D109D0024DAA4 /* GoogleService-Info.plist */ = {isa = PBXFileReference; fileEncoding = 4; lastKnownFileType = text.plist.xml; name = "GoogleService-Info.plist"; path = "../../../../../../Downloads/GoogleService-Info.plist"; sourceTree = "<group>"; };
/* End PBXFileReference section */

/* Begin PBXFrameworksBuildPhase section */
		D0AEF1982203D0EC0031551F /* Frameworks */ = {
			isa = PBXFrameworksBuildPhase;
			buildActionMask = 2147483647;
			files = (
				45F807F24774D2B17535DC15 /* Pods_Pinterest.framework in Frameworks */,
			);
			runOnlyForDeploymentPostprocessing = 0;
		};
/* End PBXFrameworksBuildPhase section */

/* Begin PBXGroup section */
		0A726ADEF506C355B52D133D /* Frameworks */ = {
			isa = PBXGroup;
			children = (
				70CED8311EF2184743C5B29C /* Pods_Pinterest.framework */,
			);
			name = Frameworks;
			sourceTree = "<group>";
		};
		24FC9AD4488620118264C643 /* Pods */ = {
			isa = PBXGroup;
			children = (
				59D2E6CEF56FB7AA27042230 /* Pods-Pinterest.debug.xcconfig */,
				69B26DD36FBBC2FB69370B60 /* Pods-Pinterest.release.xcconfig */,
			);
			path = Pods;
			sourceTree = "<group>";
		};
		D0AEF1922203D0EC0031551F = {
			isa = PBXGroup;
			children = (
				D0AEF19D2203D0EC0031551F /* Pinterest */,
				D0AEF19C2203D0EC0031551F /* Products */,
				24FC9AD4488620118264C643 /* Pods */,
				0A726ADEF506C355B52D133D /* Frameworks */,
			);
			sourceTree = "<group>";
		};
		D0AEF19C2203D0EC0031551F /* Products */ = {
			isa = PBXGroup;
			children = (
				D0AEF19B2203D0EC0031551F /* Pinterest.app */,
			);
			name = Products;
			sourceTree = "<group>";
		};
		D0AEF19D2203D0EC0031551F /* Pinterest */ = {
			isa = PBXGroup;
			children = (
				D051507F223B2D2300DCB886 /* pin.gif */,
				D0AEF19E2203D0EC0031551F /* AppDelegate.swift */,
				D0816462223B42FE00C1578B /* Splash.swift */,
				D0816460223B42EC00C1578B /* ViewLogo.swift */,
				D0816464223B430800C1578B /* UIView+Constraints.swift */,
				D0AEF1A02203D0EC0031551F /* ViewController.swift */,
				D099218E2272890C002CDADB /* Celda.swift */,
				D081645E223B42D900C1578B /* ViewEmail.swift */,
				D051507D223B2A3B00DCB886 /* ViewLogIn.swift */,
				D09921902272896E002CDADB /* ViewCollection.swift */,
				D0AEF1A22203D0EC0031551F /* Main.storyboard */,
				D0AEF1A52203D0ED0031551F /* Assets.xcassets */,
				D0AEF1A72203D0ED0031551F /* LaunchScreen.storyboard */,
				D0AEF1AA2203D0ED0031551F /* Info.plist */,
				D0AF456A220D109D0024DAA4 /* GoogleService-Info.plist */,
				D0816468223C9F1E00C1578B /* Usuario.swift */,
				D03D7CAA227F714A006C4999 /* Layout.swift */,
			);
			path = Pinterest;
			sourceTree = "<group>";
		};
/* End PBXGroup section */

/* Begin PBXNativeTarget section */
		D0AEF19A2203D0EC0031551F /* Pinterest */ = {
			isa = PBXNativeTarget;
			buildConfigurationList = D0AEF1AD2203D0ED0031551F /* Build configuration list for PBXNativeTarget "Pinterest" */;
			buildPhases = (
				C89DD1D2FD2F3ABAD0FFEAD3 /* [CP] Check Pods Manifest.lock */,
				D0AEF1972203D0EC0031551F /* Sources */,
				D0AEF1982203D0EC0031551F /* Frameworks */,
				D0AEF1992203D0EC0031551F /* Resources */,
				90AE5FC92F113B341C5C4EE3 /* [CP] Embed Pods Frameworks */,
			);
			buildRules = (
			);
			dependencies = (
			);
			name = Pinterest;
			productName = Pinterest;
			productReference = D0AEF19B2203D0EC0031551F /* Pinterest.app */;
			productType = "com.apple.product-type.application";
		};
/* End PBXNativeTarget section */

/* Begin PBXProject section */
		D0AEF1932203D0EC0031551F /* Project object */ = {
			isa = PBXProject;
			attributes = {
				LastSwiftUpdateCheck = 1010;
				LastUpgradeCheck = 1010;
				ORGANIZATIONNAME = "MacBook Air";
				TargetAttributes = {
					D0AEF19A2203D0EC0031551F = {
						CreatedOnToolsVersion = 10.1;
					};
				};
			};
			buildConfigurationList = D0AEF1962203D0EC0031551F /* Build configuration list for PBXProject "Pinterest" */;
			compatibilityVersion = "Xcode 9.3";
			developmentRegion = en;
			hasScannedForEncodings = 0;
			knownRegions = (
				en,
				Base,
			);
			mainGroup = D0AEF1922203D0EC0031551F;
			productRefGroup = D0AEF19C2203D0EC0031551F /* Products */;
			projectDirPath = "";
			projectRoot = "";
			targets = (
				D0AEF19A2203D0EC0031551F /* Pinterest */,
			);
		};
/* End PBXProject section */

/* Begin PBXResourcesBuildPhase section */
		D0AEF1992203D0EC0031551F /* Resources */ = {
			isa = PBXResourcesBuildPhase;
			buildActionMask = 2147483647;
			files = (
				D0515080223B2D2300DCB886 /* pin.gif in Resources */,
				D0AEF1A92203D0ED0031551F /* LaunchScreen.storyboard in Resources */,
				D0AF456B220D109D0024DAA4 /* GoogleService-Info.plist in Resources */,
				D0AEF1A62203D0ED0031551F /* Assets.xcassets in Resources */,
				D0AEF1A42203D0EC0031551F /* Main.storyboard in Resources */,
			);
			runOnlyForDeploymentPostprocessing = 0;
		};
/* End PBXResourcesBuildPhase section */

/* Begin PBXShellScriptBuildPhase section */
		90AE5FC92F113B341C5C4EE3 /* [CP] Embed Pods Frameworks */ = {
			isa = PBXShellScriptBuildPhase;
			buildActionMask = 2147483647;
			files = (
			);
			inputFileListPaths = (
			);
			inputPaths = (
				"${PODS_ROOT}/Target Support Files/Pods-Pinterest/Pods-Pinterest-frameworks.sh",
				"${BUILT_PRODUCTS_DIR}/GTMSessionFetcher/GTMSessionFetcher.framework",
				"${BUILT_PRODUCTS_DIR}/GoogleUtilities/GoogleUtilities.framework",
				"${BUILT_PRODUCTS_DIR}/SwiftyGif/SwiftyGif.framework",
				"${BUILT_PRODUCTS_DIR}/leveldb-library/leveldb.framework",
				"${BUILT_PRODUCTS_DIR}/nanopb/nanopb.framework",
			);
			name = "[CP] Embed Pods Frameworks";
			outputFileListPaths = (
			);
			outputPaths = (
				"${TARGET_BUILD_DIR}/${FRAMEWORKS_FOLDER_PATH}/GTMSessionFetcher.framework",
				"${TARGET_BUILD_DIR}/${FRAMEWORKS_FOLDER_PATH}/GoogleUtilities.framework",
				"${TARGET_BUILD_DIR}/${FRAMEWORKS_FOLDER_PATH}/SwiftyGif.framework",
				"${TARGET_BUILD_DIR}/${FRAMEWORKS_FOLDER_PATH}/leveldb.framework",
				"${TARGET_BUILD_DIR}/${FRAMEWORKS_FOLDER_PATH}/nanopb.framework",
			);
			runOnlyForDeploymentPostprocessing = 0;
			shellPath = /bin/sh;
			shellScript = "\"${PODS_ROOT}/Target Support Files/Pods-Pinterest/Pods-Pinterest-frameworks.sh\"\n";
			showEnvVarsInLog = 0;
		};
		C89DD1D2FD2F3ABAD0FFEAD3 /* [CP] Check Pods Manifest.lock */ = {
			isa = PBXShellScriptBuildPhase;
			buildActionMask = 2147483647;
			files = (
			);
			inputFileListPaths = (
			);
			inputPaths = (
				"${PODS_PODFILE_DIR_PATH}/Podfile.lock",
				"${PODS_ROOT}/Manifest.lock",
			);
			name = "[CP] Check Pods Manifest.lock";
			outputFileListPaths = (
			);
			outputPaths = (
				"$(DERIVED_FILE_DIR)/Pods-Pinterest-checkManifestLockResult.txt",
			);
			runOnlyForDeploymentPostprocessing = 0;
			shellPath = /bin/sh;
			shellScript = "diff \"${PODS_PODFILE_DIR_PATH}/Podfile.lock\" \"${PODS_ROOT}/Manifest.lock\" > /dev/null\nif [ $? != 0 ] ; then\n    # print error to STDERR\n    echo \"error: The sandbox is not in sync with the Podfile.lock. Run 'pod install' or update your CocoaPods installation.\" >&2\n    exit 1\nfi\n# This output is used by Xcode 'outputs' to avoid re-running this script phase.\necho \"SUCCESS\" > \"${SCRIPT_OUTPUT_FILE_0}\"\n";
			showEnvVarsInLog = 0;
		};
/* End PBXShellScriptBuildPhase section */

/* Begin PBXSourcesBuildPhase section */
		D0AEF1972203D0EC0031551F /* Sources */ = {
			isa = PBXSourcesBuildPhase;
			buildActionMask = 2147483647;
			files = (
				D099218F2272890C002CDADB /* Celda.swift in Sources */,
				D0816469223C9F1E00C1578B /* Usuario.swift in Sources */,
				D0816463223B42FE00C1578B /* Splash.swift in Sources */,
				D0AEF1A12203D0EC0031551F /* ViewController.swift in Sources */,
				D051507E223B2A3B00DCB886 /* ViewLogIn.swift in Sources */,
				D0816465223B430900C1578B /* UIView+Constraints.swift in Sources */,
				D09921912272896E002CDADB /* ViewCollection.swift in Sources */,
				D03D7CAB227F714A006C4999 /* Layout.swift in Sources */,
				D0816461223B42EC00C1578B /* ViewLogo.swift in Sources */,
				D0AEF19F2203D0EC0031551F /* AppDelegate.swift in Sources */,
				D081645F223B42D900C1578B /* ViewEmail.swift in Sources */,
			);
			runOnlyForDeploymentPostprocessing = 0;
		};
/* End PBXSourcesBuildPhase section */

/* Begin PBXVariantGroup section */
		D0AEF1A22203D0EC0031551F /* Main.storyboard */ = {
			isa = PBXVariantGroup;
			children = (
				D0AEF1A32203D0EC0031551F /* Base */,
			);
			name = Main.storyboard;
			sourceTree = "<group>";
		};
		D0AEF1A72203D0ED0031551F /* LaunchScreen.storyboard */ = {
			isa = PBXVariantGroup;
			children = (
				D0AEF1A82203D0ED0031551F /* Base */,
			);
			name = LaunchScreen.storyboard;
			sourceTree = "<group>";
		};
/* End PBXVariantGroup section */

/* Begin XCBuildConfiguration section */
		D0AEF1AB2203D0ED0031551F /* Debug */ = {
			isa = XCBuildConfiguration;
			buildSettings = {
				ALWAYS_SEARCH_USER_PATHS = NO;
				CLANG_ANALYZER_NONNULL = YES;
				CLANG_ANALYZER_NUMBER_OBJECT_CONVERSION = YES_AGGRESSIVE;
				CLANG_CXX_LANGUAGE_STANDARD = "gnu++14";
				CLANG_CXX_LIBRARY = "libc++";
				CLANG_ENABLE_MODULES = YES;
				CLANG_ENABLE_OBJC_ARC = YES;
				CLANG_ENABLE_OBJC_WEAK = YES;
				CLANG_WARN_BLOCK_CAPTURE_AUTORELEASING = YES;
				CLANG_WARN_BOOL_CONVERSION = YES;
				CLANG_WARN_COMMA = YES;
				CLANG_WARN_CONSTANT_CONVERSION = YES;
				CLANG_WARN_DEPRECATED_OBJC_IMPLEMENTATIONS = YES;
				CLANG_WARN_DIRECT_OBJC_ISA_USAGE = YES_ERROR;
				CLANG_WARN_DOCUMENTATION_COMMENTS = YES;
				CLANG_WARN_EMPTY_BODY = YES;
				CLANG_WARN_ENUM_CONVERSION = YES;
				CLANG_WARN_INFINITE_RECURSION = YES;
				CLANG_WARN_INT_CONVERSION = YES;
				CLANG_WARN_NON_LITERAL_NULL_CONVERSION = YES;
				CLANG_WARN_OBJC_IMPLICIT_RETAIN_SELF = YES;
				CLANG_WARN_OBJC_LITERAL_CONVERSION = YES;
				CLANG_WARN_OBJC_ROOT_CLASS = YES_ERROR;
				CLANG_WARN_RANGE_LOOP_ANALYSIS = YES;
				CLANG_WARN_STRICT_PROTOTYPES = YES;
				CLANG_WARN_SUSPICIOUS_MOVE = YES;
				CLANG_WARN_UNGUARDED_AVAILABILITY = YES_AGGRESSIVE;
				CLANG_WARN_UNREACHABLE_CODE = YES;
				CLANG_WARN__DUPLICATE_METHOD_MATCH = YES;
				CODE_SIGN_IDENTITY = "iPhone Developer";
				COPY_PHASE_STRIP = NO;
				DEBUG_INFORMATION_FORMAT = dwarf;
				ENABLE_STRICT_OBJC_MSGSEND = YES;
				ENABLE_TESTABILITY = YES;
				GCC_C_LANGUAGE_STANDARD = gnu11;
				GCC_DYNAMIC_NO_PIC = NO;
				GCC_NO_COMMON_BLOCKS = YES;
				GCC_OPTIMIZATION_LEVEL = 0;
				GCC_PREPROCESSOR_DEFINITIONS = (
					"DEBUG=1",
					"$(inherited)",
				);
				GCC_WARN_64_TO_32_BIT_CONVERSION = YES;
				GCC_WARN_ABOUT_RETURN_TYPE = YES_ERROR;
				GCC_WARN_UNDECLARED_SELECTOR = YES;
				GCC_WARN_UNINITIALIZED_AUTOS = YES_AGGRESSIVE;
				GCC_WARN_UNUSED_FUNCTION = YES;
				GCC_WARN_UNUSED_VARIABLE = YES;
				IPHONEOS_DEPLOYMENT_TARGET = 12.1;
				MTL_ENABLE_DEBUG_INFO = INCLUDE_SOURCE;
				MTL_FAST_MATH = YES;
				ONLY_ACTIVE_ARCH = YES;
				SDKROOT = iphoneos;
				SWIFT_ACTIVE_COMPILATION_CONDITIONS = DEBUG;
				SWIFT_OPTIMIZATION_LEVEL = "-Onone";
			};
			name = Debug;
		};
		D0AEF1AC2203D0ED0031551F /* Release */ = {
			isa = XCBuildConfiguration;
			buildSettings = {
				ALWAYS_SEARCH_USER_PATHS = NO;
				CLANG_ANALYZER_NONNULL = YES;
				CLANG_ANALYZER_NUMBER_OBJECT_CONVERSION = YES_AGGRESSIVE;
				CLANG_CXX_LANGUAGE_STANDARD = "gnu++14";
				CLANG_CXX_LIBRARY = "libc++";
				CLANG_ENABLE_MODULES = YES;
				CLANG_ENABLE_OBJC_ARC = YES;
				CLANG_ENABLE_OBJC_WEAK = YES;
				CLANG_WARN_BLOCK_CAPTURE_AUTORELEASING = YES;
				CLANG_WARN_BOOL_CONVERSION = YES;
				CLANG_WARN_COMMA = YES;
				CLANG_WARN_CONSTANT_CONVERSION = YES;
				CLANG_WARN_DEPRECATED_OBJC_IMPLEMENTATIONS = YES;
				CLANG_WARN_DIRECT_OBJC_ISA_USAGE = YES_ERROR;
				CLANG_WARN_DOCUMENTATION_COMMENTS = YES;
				CLANG_WARN_EMPTY_BODY = YES;
				CLANG_WARN_ENUM_CONVERSION = YES;
				CLANG_WARN_INFINITE_RECURSION = YES;
				CLANG_WARN_INT_CONVERSION = YES;
				CLANG_WARN_NON_LITERAL_NULL_CONVERSION = YES;
				CLANG_WARN_OBJC_IMPLICIT_RETAIN_SELF = YES;
				CLANG_WARN_OBJC_LITERAL_CONVERSION = YES;
				CLANG_WARN_OBJC_ROOT_CLASS = YES_ERROR;
				CLANG_WARN_RANGE_LOOP_ANALYSIS = YES;
				CLANG_WARN_STRICT_PROTOTYPES = YES;
				CLANG_WARN_SUSPICIOUS_MOVE = YES;
				CLANG_WARN_UNGUARDED_AVAILABILITY = YES_AGGRESSIVE;
				CLANG_WARN_UNREACHABLE_CODE = YES;
				CLANG_WARN__DUPLICATE_METHOD_MATCH = YES;
				CODE_SIGN_IDENTITY = "iPhone Developer";
				COPY_PHASE_STRIP = NO;
				DEBUG_INFORMATION_FORMAT = "dwarf-with-dsym";
				ENABLE_NS_ASSERTIONS = NO;
				ENABLE_STRICT_OBJC_MSGSEND = YES;
				GCC_C_LANGUAGE_STANDARD = gnu11;
				GCC_NO_COMMON_BLOCKS = YES;
				GCC_WARN_64_TO_32_BIT_CONVERSION = YES;
				GCC_WARN_ABOUT_RETURN_TYPE = YES_ERROR;
				GCC_WARN_UNDECLARED_SELECTOR = YES;
				GCC_WARN_UNINITIALIZED_AUTOS = YES_AGGRESSIVE;
				GCC_WARN_UNUSED_FUNCTION = YES;
				GCC_WARN_UNUSED_VARIABLE = YES;
				IPHONEOS_DEPLOYMENT_TARGET = 12.1;
				MTL_ENABLE_DEBUG_INFO = NO;
				MTL_FAST_MATH = YES;
				SDKROOT = iphoneos;
				SWIFT_COMPILATION_MODE = wholemodule;
				SWIFT_OPTIMIZATION_LEVEL = "-O";
				VALIDATE_PRODUCT = YES;
			};
			name = Release;
		};
		D0AEF1AE2203D0ED0031551F /* Debug */ = {
			isa = XCBuildConfiguration;
			baseConfigurationReference = 59D2E6CEF56FB7AA27042230 /* Pods-Pinterest.debug.xcconfig */;
			buildSettings = {
				ASSETCATALOG_COMPILER_APPICON_NAME = AppIcon;
				CODE_SIGN_STYLE = Automatic;
				INFOPLIST_FILE = Pinterest/Info.plist;
				LD_RUNPATH_SEARCH_PATHS = (
					"$(inherited)",
					"@executable_path/Frameworks",
				);
				PRODUCT_BUNDLE_IDENTIFIER = "MacBook-Air.Pinterest";
				PRODUCT_NAME = "$(TARGET_NAME)";
				SWIFT_VERSION = 4.2;
				TARGETED_DEVICE_FAMILY = "1,2";
			};
			name = Debug;
		};
		D0AEF1AF2203D0ED0031551F /* Release */ = {
			isa = XCBuildConfiguration;
			baseConfigurationReference = 69B26DD36FBBC2FB69370B60 /* Pods-Pinterest.release.xcconfig */;
			buildSettings = {
				ASSETCATALOG_COMPILER_APPICON_NAME = AppIcon;
				CODE_SIGN_STYLE = Automatic;
				INFOPLIST_FILE = Pinterest/Info.plist;
				LD_RUNPATH_SEARCH_PATHS = (
					"$(inherited)",
					"@executable_path/Frameworks",
				);
				PRODUCT_BUNDLE_IDENTIFIER = "MacBook-Air.Pinterest";
				PRODUCT_NAME = "$(TARGET_NAME)";
				SWIFT_VERSION = 4.2;
				TARGETED_DEVICE_FAMILY = "1,2";
			};
			name = Release;
		};
/* End XCBuildConfiguration section */

/* Begin XCConfigurationList section */
		D0AEF1962203D0EC0031551F /* Build configuration list for PBXProject "Pinterest" */ = {
			isa = XCConfigurationList;
			buildConfigurations = (
				D0AEF1AB2203D0ED0031551F /* Debug */,
				D0AEF1AC2203D0ED0031551F /* Release */,
			);
			defaultConfigurationIsVisible = 0;
			defaultConfigurationName = Release;
		};
		D0AEF1AD2203D0ED0031551F /* Build configuration list for PBXNativeTarget "Pinterest" */ = {
			isa = XCConfigurationList;
			buildConfigurations = (
				D0AEF1AE2203D0ED0031551F /* Debug */,
				D0AEF1AF2203D0ED0031551F /* Release */,
			);
			defaultConfigurationIsVisible = 0;
			defaultConfigurationName = Release;
		};
/* End XCConfigurationList section */
	};
	rootObject = D0AEF1932203D0EC0031551F /* Project object */;
}
